dependencies:
- name: ai-gateway
  repository: oci://registry-1.docker.io/helicone
  version: 0.2.0
- name: cloudnative-pg
  repository: https://charts.bitnami.com/bitnami
  version: 1.0.8
digest: sha256:46f71c0cf36b0cb6694ad67b84b1bbde69ed09d5349bdf8160d3da32cdcd00a5
generated: "2025-07-30T17:40:04.467525-07:00"
