dependencies:
- name: ai-gateway
  repository: oci://registry-1.docker.io/helicone
  version: 0.2.0
- name: cloudnative-pg
  repository: https://charts.bitnami.com/bitnami
  version: 1.0.8
digest: sha256:8454f2937aa0d0ddd61eeb8927f43cdbd040a81522ad84bc941903dae5ebc396
generated: "2025-08-03T01:00:55.441042-07:00"
