dependencies:
- name: prometheus
  repository: https://prometheus-community.github.io/helm-charts
  version: 27.28.1
- name: tempo
  repository: https://grafana.github.io/helm-charts
  version: 1.23.2
- name: opentelemetry-collector
  repository: https://open-telemetry.github.io/opentelemetry-helm-charts
  version: 0.129.0
digest: sha256:f59d8fb03499922b9c73732e5e06738df8fd8ae326b33049ffdf04cf11e2aee8
generated: "2025-07-29T13:26:21.842025-07:00"
