dependencies:
- name: aws-load-balancer-controller
  repository: https://aws.github.io/eks-charts
  version: 1.8.4
- name: external-secrets
  repository: https://charts.external-secrets.io
  version: 0.18.2
digest: sha256:502a3a65c71bb0606b16f61e8fdd5a2062d58607c54d1b983105d42656598476
generated: "2025-08-02T20:04:43.22625-07:00"
