dependencies:
- name: aws-load-balancer-controller
  repository: https://aws.github.io/eks-charts
  version: 1.8.4
- name: external-secrets
  repository: https://charts.external-secrets.io
  version: 0.10.5
digest: sha256:7ed0c14487d61eee63252aa29ed0a682d63eb4c8c43ca9fb519e0bc5264bbad3
generated: "2025-07-29T18:11:06.189448-07:00"
