dependencies:
- name: aws-load-balancer-controller
  repository: https://aws.github.io/eks-charts
  version: 1.8.4
- name: external-secrets
  repository: https://charts.external-secrets.io
  version: 0.11.0
digest: sha256:f608a2c780203d99f5ec81fa198fd23265b3e05116c88f960cce7ba061df4243
generated: "2025-08-02T17:04:06.366936-07:00"
