dependencies:
- name: external-secrets
  repository: https://charts.external-secrets.io
  version: 0.9.19
- name: prometheus
  repository: https://prometheus-community.github.io/helm-charts
  version: 27.28.1
digest: sha256:42232f509a7511247fe6d3f393e7fa823e3a1e79f66b779be992124288117488
generated: "2025-07-24T23:42:31.170925-07:00"
