dependencies:
- name: prometheus
  repository: https://prometheus-community.github.io/helm-charts
  version: 27.28.1
- name: tempo
  repository: https://grafana.github.io/helm-charts
  version: 1.23.2
- name: opentelemetry-collector
  repository: https://open-telemetry.github.io/opentelemetry-helm-charts
  version: 0.129.0
digest: sha256:a37b29e3cf1e57cf9a69df0611dcb4eb3719378c948d16185b14e40ed29d0d59
generated: "2025-07-25T20:09:02.608872-07:00"
